{
  "name": "Editor",
  "lockfileVersion": 3,
  "requires": true,
  "packages": {
    "": {
      "dependencies": {
        "signals": "^1.0.0",
        "three-gpu-pathtracer": "^0.0.23"
      }
    },
    "node_modules/signals": {
      "version": "1.0.0",
      "resolved": "https://registry.npmjs.org/signals/-/signals-1.0.0.tgz",
      "integrity": "sha512-dE3lBiqgrgIvpGHYBy6/kiYKfh0HXRmbg0ocakBKiOefbal6ZeTtNlQlxsu9ADkNzv5OmRwRKu+IaTPSqJdZDg=="
    },
    "node_modules/three": {
      "version": "0.165.0",
      "license": "MIT",
      "peer": true
    },
    "node_modules/three-gpu-pathtracer": {
      "version": "0.0.23",
      "resolved": "https://registry.npmjs.org/three-gpu-pathtracer/-/three-gpu-pathtracer-0.0.23.tgz",
      "integrity": "sha512-CjMX5YU3ajDklOv3hW1EQ4CCkPLiLR+jB31w6G5WLf6Nasemib62tmCj45vBK5ItKAD0aHG1NWc479gXzk6fOQ==",
      "peerDependencies": {
        "three": ">=0.151.0",
        "three-mesh-bvh": ">=0.7.4",
        "xatlas-web": "^0.1.0"
      }
    },
    "node_modules/three-mesh-bvh": {
      "version": "0.7.5",
      "resolved": "https://registry.npmjs.org/three-mesh-bvh/-/three-mesh-bvh-0.7.5.tgz",
      "integrity": "sha512-WDd77RklE52pZSKZx8sDXzrd2JCF/gL/hugFvsIBylpMRlJxxwesKn2rW7TcQZ809NocDVkQx1UJo9pJtVAPYg==",
      "peer": true,
      "peerDependencies": {
        "three": ">= 0.151.0"
      }
    },
    "node_modules/xatlas-web": {
      "version": "0.1.0",
      "resolved": "https://registry.npmjs.org/xatlas-web/-/xatlas-web-0.1.0.tgz",
      "integrity": "sha512-PprVfuXbaIskxLTLBUQRaWfgSy9xUQqAMIRooOw0P6NYqwgh6T0voeer6+Z5M7AFt5SGXUybuww/uDGs1yw8vQ==",
      "peer": true
    }
  }
}
